// !$*UTF8*$!
{
	archiveVersion = 1;
	classes = {
	};
	objectVersion = 50;
	objects = {

/* Begin PBXBuildFile section */
		C474AD47215F2E6C00A09B96 /* AppDelegate.swift in Sources */ = {isa = PBXBuildFile; fileRef = C474AD46215F2E6C00A09B96 /* AppDelegate.swift */; };
		C474AD49215F2E6C00A09B96 /* ViewController.swift in Sources */ = {isa = PBXBuildFile; fileRef = C474AD48215F2E6C00A09B96 /* ViewController.swift */; };
		C474AD4C215F2E6C00A09B96 /* Main.storyboard in Resources */ = {isa = PBXBuildFile; fileRef = C474AD4A215F2E6C00A09B96 /* Main.storyboard */; };
		C474AD4E215F2E6E00A09B96 /* Assets.xcassets in Resources */ = {isa = PBXBuildFile; fileRef = C474AD4D215F2E6E00A09B96 /* Assets.xcassets */; };
		C474AD51215F2E6E00A09B96 /* LaunchScreen.storyboard in Resources */ = {isa = PBXBuildFile; fileRef = C474AD4F215F2E6E00A09B96 /* LaunchScreen.storyboard */; };
/* End PBXBuildFile section */

/* Begin PBXFileReference section */
		C474AD43215F2E6C00A09B96 /* ListFriend.app */ = {isa = PBXFileReference; explicitFileType = wrapper.application; includeInIndex = 0; path = ListFriend.app; sourceTree = BUILT_PRODUCTS_DIR; };
		C474AD46215F2E6C00A09B96 /* AppDelegate.swift */ = {isa = PBXFileReference; lastKnownFileType = sourcecode.swift; path = AppDelegate.swift; sourceTree = "<group>"; };
		C474AD48215F2E6C00A09B96 /* ViewController.swift */ = {isa = PBXFileReference; lastKnownFileType = sourcecode.swift; path = ViewController.swift; sourceTree = "<group>"; };
		C474AD4B215F2E6C00A09B96 /* Base */ = {isa = PBXFileReference; lastKnownFileType = file.storyboard; name = Base; path = Base.lproj/Main.storyboard; sourceTree = "<group>"; };
		C474AD4D215F2E6E00A09B96 /* Assets.xcassets */ = {isa = PBXFileReference; lastKnownFileType = folder.assetcatalog; path = Assets.xcassets; sourceTree = "<group>"; };
		C474AD50215F2E6E00A09B96 /* Base */ = {isa = PBXFileReference; lastKnownFileType = file.storyboard; name = Base; path = Base.lproj/LaunchScreen.storyboard; sourceTree = "<group>"; };
		C474AD52215F2E6E00A09B96 /* Info.plist */ = {isa = PBXFileReference; lastKnownFileType = text.plist.xml; path = Info.plist; sourceTree = "<group>"; };
/* End PBXFileReference section */

/* Begin PBXFrameworksBuildPhase section */
		C474AD40215F2E6C00A09B96 /* Frameworks */ = {
			isa = PBXFrameworksBuildPhase;
			buildActionMask = 2147483647;
			files = (
			);
			runOnlyForDeploymentPostprocessing = 0;
		};
/* End PBXFrameworksBuildPhase section */

/* Begin PBXGroup section */
		C474AD3A215F2E6C00A09B96 = {
			isa = PBXGroup;
			children = (
				C474AD45215F2E6C00A09B96 /* ListFriend */,
				C474AD44215F2E6C00A09B96 /* Products */,
			);
			sourceTree = "<group>";
		};
		C474AD44215F2E6C00A09B96 /* Products */ = {
			isa = PBXGroup;
			children = (
				C474AD43215F2E6C00A09B96 /* ListFriend.app */,
			);
			name = Products;
			sourceTree = "<group>";
		};
		C474AD45215F2E6C00A09B96 /* ListFriend */ = {
			isa = PBXGroup;
			children = (
				C474AD46215F2E6C00A09B96 /* AppDelegate.swift */,
				C474AD48215F2E6C00A09B96 /* ViewController.swift */,
				C474AD4A215F2E6C00A09B96 /* Main.storyboard */,
				C474AD4D215F2E6E00A09B96 /* Assets.xcassets */,
				C474AD4F215F2E6E00A09B96 /* LaunchScreen.storyboard */,
				C474AD52215F2E6E00A09B96 /* Info.plist */,
			);
			path = ListFriend;
			sourceTree = "<group>";
		};
/* End PBXGroup section */

/* Begin PBXNativeTarget section */
		C474AD42215F2E6C00A09B96 /* ListFriend */ = {
			isa = PBXNativeTarget;
			buildConfigurationList = C474AD55215F2E6E00A09B96 /* Build configuration list for PBXNativeTarget "ListFriend" */;
			buildPhases = (
				C474AD3F215F2E6C00A09B96 /* Sources */,
				C474AD40215F2E6C00A09B96 /* Frameworks */,
				C474AD41215F2E6C00A09B96 /* Resources */,
			);
			buildRules = (
			);
			dependencies = (
			);
			name = ListFriend;
			productName = ListFriend;
			productReference = C474AD43215F2E6C00A09B96 /* ListFriend.app */;
			productType = "com.apple.product-type.application";
		};
/* End PBXNativeTarget section */

/* Begin PBXProject section */
		C474AD3B215F2E6C00A09B96 /* Project object */ = {
			isa = PBXProject;
			attributes = {
				LastSwiftUpdateCheck = 1000;
				LastUpgradeCheck = 1000;
				ORGANIZATIONNAME = MasterUNG;
				TargetAttributes = {
					C474AD42215F2E6C00A09B96 = {
						CreatedOnToolsVersion = 10.0;
					};
				};
			};
			buildConfigurationList = C474AD3E215F2E6C00A09B96 /* Build configuration list for PBXProject "ListFriend" */;
			compatibilityVersion = "Xcode 9.3";
			developmentRegion = en;
			hasScannedForEncodings = 0;
			knownRegions = (
				en,
				Base,
			);
			mainGroup = C474AD3A215F2E6C00A09B96;
			productRefGroup = C474AD44215F2E6C00A09B96 /* Products */;
			projectDirPath = "";
			projectRoot = "";
			targets = (
				C474AD42215F2E6C00A09B96 /* ListFriend */,
			);
		};
/* End PBXProject section */

/* Begin PBXResourcesBuildPhase section */
		C474AD41215F2E6C00A09B96 /* Resources */ = {
			isa = PBXResourcesBuildPhase;
			buildActionMask = 2147483647;
			files = (
				C474AD51215F2E6E00A09B96 /* LaunchScreen.storyboard in Resources */,
				C474AD4E215F2E6E00A09B96 /* Assets.xcassets in Resources */,
				C474AD4C215F2E6C00A09B96 /* Main.storyboard in Resources */,
			);
			runOnlyForDeploymentPostprocessing = 0;
		};
/* End PBXResourcesBuildPhase section */

/* Begin PBXSourcesBuildPhase section */
		C474AD3F215F2E6C00A09B96 /* Sources */ = {
			isa = PBXSourcesBuildPhase;
			buildActionMask = 2147483647;
			files = (
				C474AD49215F2E6C00A09B96 /* ViewController.swift in Sources */,
				C474AD47215F2E6C00A09B96 /* AppDelegate.swift in Sources */,
			);
			runOnlyForDeploymentPostprocessing = 0;
		};
/* End PBXSourcesBuildPhase section */

/* Begin PBXVariantGroup section */
		C474AD4A215F2E6C00A09B96 /* Main.storyboard */ = {
			isa = PBXVariantGroup;
			children = (
				C474AD4B215F2E6C00A09B96 /* Base */,
			);
			name = Main.storyboard;
			sourceTree = "<group>";
		};
		C474AD4F215F2E6E00A09B96 /* LaunchScreen.storyboard */ = {
			isa = PBXVariantGroup;
			children = (
				C474AD50215F2E6E00A09B96 /* Base */,
			);
			name = LaunchScreen.storyboard;
			sourceTree = "<group>";
		};
/* End PBXVariantGroup section */

/* Begin XCBuildConfiguration section */
		C474AD53215F2E6E00A09B96 /* Debug */ = {
			isa = XCBuildConfiguration;
			buildSettings = {
				ALWAYS_SEARCH_USER_PATHS = NO;
				CLANG_ANALYZER_NONNULL = YES;
				CLANG_ANALYZER_NUMBER_OBJECT_CONVERSION = YES_AGGRESSIVE;
				CLANG_CXX_LANGUAGE_STANDARD = "gnu++14";
				CLANG_CXX_LIBRARY = "libc++";
				CLANG_ENABLE_MODULES = YES;
				CLANG_ENABLE_OBJC_ARC = YES;
				CLANG_ENABLE_OBJC_WEAK = YES;
				CLANG_WARN_BLOCK_CAPTURE_AUTORELEASING = YES;
				CLANG_WARN_BOOL_CONVERSION = YES;
				CLANG_WARN_COMMA = YES;
				CLANG_WARN_CONSTANT_CONVERSION = YES;
				CLANG_WARN_DEPRECATED_OBJC_IMPLEMENTATIONS = YES;
				CLANG_WARN_DIRECT_OBJC_ISA_USAGE = YES_ERROR;
				CLANG_WARN_DOCUMENTATION_COMMENTS = YES;
				CLANG_WARN_EMPTY_BODY = YES;
				CLANG_WARN_ENUM_CONVERSION = YES;
				CLANG_WARN_INFINITE_RECURSION = YES;
				CLANG_WARN_INT_CONVERSION = YES;
				CLANG_WARN_NON_LITERAL_NULL_CONVERSION = YES;
				CLANG_WARN_OBJC_IMPLICIT_RETAIN_SELF = YES;
				CLANG_WARN_OBJC_LITERAL_CONVERSION = YES;
				CLANG_WARN_OBJC_ROOT_CLASS = YES_ERROR;
				CLANG_WARN_RANGE_LOOP_ANALYSIS = YES;
				CLANG_WARN_STRICT_PROTOTYPES = YES;
				CLANG_WARN_SUSPICIOUS_MOVE = YES;
				CLANG_WARN_UNGUARDED_AVAILABILITY = YES_AGGRESSIVE;
				CLANG_WARN_UNREACHABLE_CODE = YES;
				CLANG_WARN__DUPLICATE_METHOD_MATCH = YES;
				CODE_SIGN_IDENTITY = "iPhone Developer";
				COPY_PHASE_STRIP = NO;
				DEBUG_INFORMATION_FORMAT = dwarf;
				ENABLE_STRICT_OBJC_MSGSEND = YES;
				ENABLE_TESTABILITY = YES;
				GCC_C_LANGUAGE_STANDARD = gnu11;
				GCC_DYNAMIC_NO_PIC = NO;
				GCC_NO_COMMON_BLOCKS = YES;
				GCC_OPTIMIZATION_LEVEL = 0;
				GCC_PREPROCESSOR_DEFINITIONS = (
					"DEBUG=1",
					"$(inherited)",
				);
				GCC_WARN_64_TO_32_BIT_CONVERSION = YES;
				GCC_WARN_ABOUT_RETURN_TYPE = YES_ERROR;
				GCC_WARN_UNDECLARED_SELECTOR = YES;
				GCC_WARN_UNINITIALIZED_AUTOS = YES_AGGRESSIVE;
				GCC_WARN_UNUSED_FUNCTION = YES;
				GCC_WARN_UNUSED_VARIABLE = YES;
				IPHONEOS_DEPLOYMENT_TARGET = 12.0;
				MTL_ENABLE_DEBUG_INFO = INCLUDE_SOURCE;
				MTL_FAST_MATH = YES;
				ONLY_ACTIVE_ARCH = YES;
				SDKROOT = iphoneos;
				SWIFT_ACTIVE_COMPILATION_CONDITIONS = DEBUG;
				SWIFT_OPTIMIZATION_LEVEL = "-Onone";
			};
			name = Debug;
		};
		C474AD54215F2E6E00A09B96 /* Release */ = {
			isa = XCBuildConfiguration;
			buildSettings = {
				ALWAYS_SEARCH_USER_PATHS = NO;
				CLANG_ANALYZER_NONNULL = YES;
				CLANG_ANALYZER_NUMBER_OBJECT_CONVERSION = YES_AGGRESSIVE;
				CLANG_CXX_LANGUAGE_STANDARD = "gnu++14";
				CLANG_CXX_LIBRARY = "libc++";
				CLANG_ENABLE_MODULES = YES;
				CLANG_ENABLE_OBJC_ARC = YES;
				CLANG_ENABLE_OBJC_WEAK = YES;
				CLANG_WARN_BLOCK_CAPTURE_AUTORELEASING = YES;
				CLANG_WARN_BOOL_CONVERSION = YES;
				CLANG_WARN_COMMA = YES;
				CLANG_WARN_CONSTANT_CONVERSION = YES;
				CLANG_WARN_DEPRECATED_OBJC_IMPLEMENTATIONS = YES;
				CLANG_WARN_DIRECT_OBJC_ISA_USAGE = YES_ERROR;
				CLANG_WARN_DOCUMENTATION_COMMENTS = YES;
				CLANG_WARN_EMPTY_BODY = YES;
				CLANG_WARN_ENUM_CONVERSION = YES;
				CLANG_WARN_INFINITE_RECURSION = YES;
				CLANG_WARN_INT_CONVERSION = YES;
				CLANG_WARN_NON_LITERAL_NULL_CONVERSION = YES;
				CLANG_WARN_OBJC_IMPLICIT_RETAIN_SELF = YES;
				CLANG_WARN_OBJC_LITERAL_CONVERSION = YES;
				CLANG_WARN_OBJC_ROOT_CLASS = YES_ERROR;
				CLANG_WARN_RANGE_LOOP_ANALYSIS = YES;
				CLANG_WARN_STRICT_PROTOTYPES = YES;
				CLANG_WARN_SUSPICIOUS_MOVE = YES;
				CLANG_WARN_UNGUARDED_AVAILABILITY = YES_AGGRESSIVE;
				CLANG_WARN_UNREACHABLE_CODE = YES;
				CLANG_WARN__DUPLICATE_METHOD_MATCH = YES;
				CODE_SIGN_IDENTITY = "iPhone Developer";
				COPY_PHASE_STRIP = NO;
				DEBUG_INFORMATION_FORMAT = "dwarf-with-dsym";
				ENABLE_NS_ASSERTIONS = NO;
				ENABLE_STRICT_OBJC_MSGSEND = YES;
				GCC_C_LANGUAGE_STANDARD = gnu11;
				GCC_NO_COMMON_BLOCKS = YES;
				GCC_WARN_64_TO_32_BIT_CONVERSION = YES;
				GCC_WARN_ABOUT_RETURN_TYPE = YES_ERROR;
				GCC_WARN_UNDECLARED_SELECTOR = YES;
				GCC_WARN_UNINITIALIZED_AUTOS = YES_AGGRESSIVE;
				GCC_WARN_UNUSED_FUNCTION = YES;
				GCC_WARN_UNUSED_VARIABLE = YES;
				IPHONEOS_DEPLOYMENT_TARGET = 12.0;
				MTL_ENABLE_DEBUG_INFO = NO;
				MTL_FAST_MATH = YES;
				SDKROOT = iphoneos;
				SWIFT_COMPILATION_MODE = wholemodule;
				SWIFT_OPTIMIZATION_LEVEL = "-O";
				VALIDATE_PRODUCT = YES;
			};
			name = Release;
		};
		C474AD56215F2E6E00A09B96 /* Debug */ = {
			isa = XCBuildConfiguration;
			buildSettings = {
				ASSETCATALOG_COMPILER_APPICON_NAME = AppIcon;
				CODE_SIGN_STYLE = Automatic;
				INFOPLIST_FILE = ListFriend/Info.plist;
				LD_RUNPATH_SEARCH_PATHS = (
					"$(inherited)",
					"@executable_path/Frameworks",
				);
				PRODUCT_BUNDLE_IDENTIFIER = androidthai.in.th.ListFriend;
				PRODUCT_NAME = "$(TARGET_NAME)";
				SWIFT_VERSION = 4.2;
				TARGETED_DEVICE_FAMILY = "1,2";
			};
			name = Debug;
		};
		C474AD57215F2E6E00A09B96 /* Release */ = {
			isa = XCBuildConfiguration;
			buildSettings = {
				ASSETCATALOG_COMPILER_APPICON_NAME = AppIcon;
				CODE_SIGN_STYLE = Automatic;
				INFOPLIST_FILE = ListFriend/Info.plist;
				LD_RUNPATH_SEARCH_PATHS = (
					"$(inherited)",
					"@executable_path/Frameworks",
				);
				PRODUCT_BUNDLE_IDENTIFIER = androidthai.in.th.ListFriend;
				PRODUCT_NAME = "$(TARGET_NAME)";
				SWIFT_VERSION = 4.2;
				TARGETED_DEVICE_FAMILY = "1,2";
			};
			name = Release;
		};
/* End XCBuildConfiguration section */

/* Begin XCConfigurationList section */
		C474AD3E215F2E6C00A09B96 /* Build configuration list for PBXProject "ListFriend" */ = {
			isa = XCConfigurationList;
			buildConfigurations = (
				C474AD53215F2E6E00A09B96 /* Debug */,
				C474AD54215F2E6E00A09B96 /* Release */,
			);
			defaultConfigurationIsVisible = 0;
			defaultConfigurationName = Release;
		};
		C474AD55215F2E6E00A09B96 /* Build configuration list for PBXNativeTarget "ListFriend" */ = {
			isa = XCConfigurationList;
			buildConfigurations = (
				C474AD56215F2E6E00A09B96 /* Debug */,
				C474AD57215F2E6E00A09B96 /* Release */,
			);
			defaultConfigurationIsVisible = 0;
			defaultConfigurationName = Release;
		};
/* End XCConfigurationList section */
	};
	rootObject = C474AD3B215F2E6C00A09B96 /* Project object */;
}
